
Microsoft Visual Studio Solution File, Format Version 12.00
# Visual Studio Version 16
VisualStudioVersion = 16.0.31129.286
MinimumVisualStudioVersion = 10.0.40219.1
Project("{8BC9CEB8-8B4A-11D0-8D11-00A0C91BC942}") = "NEM", "NEM\NEM.vcxproj", "{9677D234-CC85-42F2-A3EB-5BE7B6F9D933}"
EndProject
Global
	GlobalSection(SolutionConfigurationPlatforms) = preSolution
		Debug|x64 = Debug|x64
		Debug|x86 = Debug|x86
		Release|x64 = Release|x64
		Release|x86 = Release|x86
	EndGlobalSection
	GlobalSection(ProjectConfigurationPlatforms) = postSolution
		{9677D234-CC85-42F2-A3EB-5BE7B6F9D933}.Debug|x64.ActiveCfg = Debug|x64
		{9677D234-CC85-42F2-A3EB-5BE7B6F9D933}.Debug|x64.Build.0 = Debug|x64
		{9677D234-CC85-42F2-A3EB-5BE7B6F9D933}.Debug|x86.ActiveCfg = Debug|Win32
		{9677D234-CC85-42F2-A3EB-5BE7B6F9D933}.Debug|x86.Build.0 = Debug|Win32
		{9677D234-CC85-42F2-A3EB-5BE7B6F9D933}.Release|x64.ActiveCfg = Release|x64
		{9677D234-CC85-42F2-A3EB-5BE7B6F9D933}.Release|x64.Build.0 = Release|x64
		{9677D234-CC85-42F2-A3EB-5BE7B6F9D933}.Release|x86.ActiveCfg = Release|Win32
		{9677D234-CC85-42F2-A3EB-5BE7B6F9D933}.Release|x86.Build.0 = Release|Win32
	EndGlobalSection
	GlobalSection(SolutionProperties) = preSolution
		HideSolutionNode = FALSE
	EndGlobalSection
	GlobalSection(ExtensibilityGlobals) = postSolution
		SolutionGuid = {68288E69-FE8B-4003-8C54-058783B345B5}
	EndGlobalSection
EndGlobal
